
Microsoft Visual Studio Solution File, Format Version 11.00
# Visual Studio 2010
Project("{FAE04EC0-301F-11D3-BF4B-00C04F79EFBC}") = "Training.Workshop.Domain", "Training.Workshop.Domain\Training.Workshop.Domain.csproj", "{674ED349-4605-4C02-AFC8-F5E3FC205390}"
EndProject
Project("{FAE04EC0-301F-11D3-BF4B-00C04F79EFBC}") = "Training.Workshop.Core", "Training.Workshop.Core\Training.Workshop.Core.csproj", "{92D9225A-B31F-45BF-B003-A25D08231587}"
EndProject
Project("{FAE04EC0-301F-11D3-BF4B-00C04F79EFBC}") = "Training.Workshop.Data", "Training.Workshop.Data\Training.Workshop.Data.csproj", "{2A5F60DF-91B6-43FC-9CE3-7602D004C803}"
EndProject
Project("{FAE04EC0-301F-11D3-BF4B-00C04F79EFBC}") = "Training.Workshop.Service", "Training.Workshop.Service\Training.Workshop.Service.csproj", "{206DFF09-6070-4E10-959F-52134FA2DC09}"
EndProject
Project("{FAE04EC0-301F-11D3-BF4B-00C04F79EFBC}") = "Training.Workshop.ConsoleClient", "Training.Workshop.ConsoleClient\Training.Workshop.ConsoleClient.csproj", "{0A3DC3E5-FADA-48C5-B958-42A882D2C2C7}"
EndProject
Project("{FAE04EC0-301F-11D3-BF4B-00C04F79EFBC}") = "Training.Workshop.Data.FileSystem", "Training.Workshop.Data.FileSystem\Training.Workshop.Data.FileSystem.csproj", "{A1545B1C-4612-43E3-909D-EB2293E6F77B}"
EndProject
Project("{FAE04EC0-301F-11D3-BF4B-00C04F79EFBC}") = "Training.Workshop.Service.ServiceLocator", "Training.Workshop.Service.ServiceLocator\Training.Workshop.Service.ServiceLocator.csproj", "{91BDD227-F046-440C-889A-644948FB5A21}"
EndProject
Project("{FAE04EC0-301F-11D3-BF4B-00C04F79EFBC}") = "Training.Workshop.UnitOfWork", "Training.Workshop.UnitOfWork\Training.Workshop.UnitOfWork.csproj", "{01088FFF-7FAB-4207-9CFF-16BF6BDB8370}"
EndProject
Project("{FAE04EC0-301F-11D3-BF4B-00C04F79EFBC}") = "Training.Workshop.Data.SQL", "Training.Workshop.Data.SQL\Training.Workshop.Data.SQL.csproj", "{488CD806-EB3A-40A2-BC7C-D1A8960079B0}"
EndProject
Project("{C8D11400-126E-41CD-887F-60BD40844F9E}") = "Training.Workshop.SQLDatabase", "Training.Workshop.SQLDatabase\Training.Workshop.SQLDatabase.dbproj", "{67CBC824-A49E-4E9B-A947-360F3DFE65C3}"
EndProject
Project("{FAE04EC0-301F-11D3-BF4B-00C04F79EFBC}") = "Training.Workshop.ASP.Controllers", "Training.Workshop.ASP.Controllers\Training.Workshop.ASP.Controllers.csproj", "{4397992D-FA3C-416E-8B87-C43982B4E9B0}"
EndProject
Project("{FAE04EC0-301F-11D3-BF4B-00C04F79EFBC}") = "Training.Workshop.ASP.Views", "Training.Workshop.ASP.Views\Training.Workshop.ASP.Views.csproj", "{BD494CE6-A12E-48C6-8085-12BFDEF691AF}"
EndProject
Project("{FAE04EC0-301F-11D3-BF4B-00C04F79EFBC}") = "Training.Workshop.ASP.Client", "Training.Workshop.ASP.Client\Training.Workshop.ASP.Client.csproj", "{856A86A9-801E-496A-8C95-519E85B87A89}"
EndProject
Project("{FAE04EC0-301F-11D3-BF4B-00C04F79EFBC}") = "Training.Workshop.ASP.PageControllerLocator", "Training.Workshop.ASP.PageControllerLocator\Training.Workshop.ASP.PageControllerLocator.csproj", "{73C48B1F-19B8-4F68-A57E-4569E02D2CDC}"
EndProject
Project("{2150E333-8FDC-42A3-9474-1A3956D46DE8}") = "Solution Items", "Solution Items", "{CFA43287-6AC8-4237-B49C-8982E7650F8C}"
	ProjectSection(SolutionItems) = preProject
		Local.testsettings = Local.testsettings
		TraceAndTestImpact.testsettings = TraceAndTestImpact.testsettings
		Training.Workshop.Domain.vsmdi = Training.Workshop.Domain.vsmdi
	EndProjectSection
EndProject
Project("{FAE04EC0-301F-11D3-BF4B-00C04F79EFBC}") = "UnitTesting", "UnitTesting\UnitTesting.csproj", "{1F8EEE75-1D8E-4280-BC60-1BE3FA0D21E9}"
EndProject
Global
	GlobalSection(TestCaseManagementSettings) = postSolution
		CategoryFile = Training.Workshop.Domain.vsmdi
	EndGlobalSection
	GlobalSection(SolutionConfigurationPlatforms) = preSolution
		Debug|Any CPU = Debug|Any CPU
		Debug|Mixed Platforms = Debug|Mixed Platforms
		Debug|x86 = Debug|x86
		Release|Any CPU = Release|Any CPU
		Release|Mixed Platforms = Release|Mixed Platforms
		Release|x86 = Release|x86
	EndGlobalSection
	GlobalSection(ProjectConfigurationPlatforms) = postSolution
		{674ED349-4605-4C02-AFC8-F5E3FC205390}.Debug|Any CPU.ActiveCfg = Debug|Any CPU
		{674ED349-4605-4C02-AFC8-F5E3FC205390}.Debug|Any CPU.Build.0 = Debug|Any CPU
		{674ED349-4605-4C02-AFC8-F5E3FC205390}.Debug|Mixed Platforms.ActiveCfg = Debug|Any CPU
		{674ED349-4605-4C02-AFC8-F5E3FC205390}.Debug|Mixed Platforms.Build.0 = Debug|Any CPU
		{674ED349-4605-4C02-AFC8-F5E3FC205390}.Debug|x86.ActiveCfg = Debug|Any CPU
		{674ED349-4605-4C02-AFC8-F5E3FC205390}.Release|Any CPU.ActiveCfg = Release|Any CPU
		{674ED349-4605-4C02-AFC8-F5E3FC205390}.Release|Any CPU.Build.0 = Release|Any CPU
		{674ED349-4605-4C02-AFC8-F5E3FC205390}.Release|Mixed Platforms.ActiveCfg = Release|Any CPU
		{674ED349-4605-4C02-AFC8-F5E3FC205390}.Release|Mixed Platforms.Build.0 = Release|Any CPU
		{674ED349-4605-4C02-AFC8-F5E3FC205390}.Release|x86.ActiveCfg = Release|Any CPU
		{92D9225A-B31F-45BF-B003-A25D08231587}.Debug|Any CPU.ActiveCfg = Debug|Any CPU
		{92D9225A-B31F-45BF-B003-A25D08231587}.Debug|Any CPU.Build.0 = Debug|Any CPU
		{92D9225A-B31F-45BF-B003-A25D08231587}.Debug|Mixed Platforms.ActiveCfg = Debug|Any CPU
		{92D9225A-B31F-45BF-B003-A25D08231587}.Debug|Mixed Platforms.Build.0 = Debug|Any CPU
		{92D9225A-B31F-45BF-B003-A25D08231587}.Debug|x86.ActiveCfg = Debug|Any CPU
		{92D9225A-B31F-45BF-B003-A25D08231587}.Release|Any CPU.ActiveCfg = Release|Any CPU
		{92D9225A-B31F-45BF-B003-A25D08231587}.Release|Any CPU.Build.0 = Release|Any CPU
		{92D9225A-B31F-45BF-B003-A25D08231587}.Release|Mixed Platforms.ActiveCfg = Release|Any CPU
		{92D9225A-B31F-45BF-B003-A25D08231587}.Release|Mixed Platforms.Build.0 = Release|Any CPU
		{92D9225A-B31F-45BF-B003-A25D08231587}.Release|x86.ActiveCfg = Release|Any CPU
		{2A5F60DF-91B6-43FC-9CE3-7602D004C803}.Debug|Any CPU.ActiveCfg = Debug|Any CPU
		{2A5F60DF-91B6-43FC-9CE3-7602D004C803}.Debug|Any CPU.Build.0 = Debug|Any CPU
		{2A5F60DF-91B6-43FC-9CE3-7602D004C803}.Debug|Mixed Platforms.ActiveCfg = Debug|Any CPU
		{2A5F60DF-91B6-43FC-9CE3-7602D004C803}.Debug|Mixed Platforms.Build.0 = Debug|Any CPU
		{2A5F60DF-91B6-43FC-9CE3-7602D004C803}.Debug|x86.ActiveCfg = Debug|Any CPU
		{2A5F60DF-91B6-43FC-9CE3-7602D004C803}.Release|Any CPU.ActiveCfg = Release|Any CPU
		{2A5F60DF-91B6-43FC-9CE3-7602D004C803}.Release|Any CPU.Build.0 = Release|Any CPU
		{2A5F60DF-91B6-43FC-9CE3-7602D004C803}.Release|Mixed Platforms.ActiveCfg = Release|Any CPU
		{2A5F60DF-91B6-43FC-9CE3-7602D004C803}.Release|Mixed Platforms.Build.0 = Release|Any CPU
		{2A5F60DF-91B6-43FC-9CE3-7602D004C803}.Release|x86.ActiveCfg = Release|Any CPU
		{206DFF09-6070-4E10-959F-52134FA2DC09}.Debug|Any CPU.ActiveCfg = Debug|Any CPU
		{206DFF09-6070-4E10-959F-52134FA2DC09}.Debug|Any CPU.Build.0 = Debug|Any CPU
		{206DFF09-6070-4E10-959F-52134FA2DC09}.Debug|Mixed Platforms.ActiveCfg = Debug|Any CPU
		{206DFF09-6070-4E10-959F-52134FA2DC09}.Debug|Mixed Platforms.Build.0 = Debug|Any CPU
		{206DFF09-6070-4E10-959F-52134FA2DC09}.Debug|x86.ActiveCfg = Debug|Any CPU
		{206DFF09-6070-4E10-959F-52134FA2DC09}.Release|Any CPU.ActiveCfg = Release|Any CPU
		{206DFF09-6070-4E10-959F-52134FA2DC09}.Release|Any CPU.Build.0 = Release|Any CPU
		{206DFF09-6070-4E10-959F-52134FA2DC09}.Release|Mixed Platforms.ActiveCfg = Release|Any CPU
		{206DFF09-6070-4E10-959F-52134FA2DC09}.Release|Mixed Platforms.Build.0 = Release|Any CPU
		{206DFF09-6070-4E10-959F-52134FA2DC09}.Release|x86.ActiveCfg = Release|Any CPU
		{0A3DC3E5-FADA-48C5-B958-42A882D2C2C7}.Debug|Any CPU.ActiveCfg = Debug|x86
		{0A3DC3E5-FADA-48C5-B958-42A882D2C2C7}.Debug|Mixed Platforms.ActiveCfg = Debug|x86
		{0A3DC3E5-FADA-48C5-B958-42A882D2C2C7}.Debug|Mixed Platforms.Build.0 = Debug|x86
		{0A3DC3E5-FADA-48C5-B958-42A882D2C2C7}.Debug|x86.ActiveCfg = Debug|x86
		{0A3DC3E5-FADA-48C5-B958-42A882D2C2C7}.Debug|x86.Build.0 = Debug|x86
		{0A3DC3E5-FADA-48C5-B958-42A882D2C2C7}.Release|Any CPU.ActiveCfg = Release|x86
		{0A3DC3E5-FADA-48C5-B958-42A882D2C2C7}.Release|Mixed Platforms.ActiveCfg = Release|x86
		{0A3DC3E5-FADA-48C5-B958-42A882D2C2C7}.Release|Mixed Platforms.Build.0 = Release|x86
		{0A3DC3E5-FADA-48C5-B958-42A882D2C2C7}.Release|x86.ActiveCfg = Release|x86
		{0A3DC3E5-FADA-48C5-B958-42A882D2C2C7}.Release|x86.Build.0 = Release|x86
		{A1545B1C-4612-43E3-909D-EB2293E6F77B}.Debug|Any CPU.ActiveCfg = Debug|x86
		{A1545B1C-4612-43E3-909D-EB2293E6F77B}.Debug|Mixed Platforms.ActiveCfg = Debug|x86
		{A1545B1C-4612-43E3-909D-EB2293E6F77B}.Debug|Mixed Platforms.Build.0 = Debug|x86
		{A1545B1C-4612-43E3-909D-EB2293E6F77B}.Debug|x86.ActiveCfg = Debug|x86
		{A1545B1C-4612-43E3-909D-EB2293E6F77B}.Debug|x86.Build.0 = Debug|x86
		{A1545B1C-4612-43E3-909D-EB2293E6F77B}.Release|Any CPU.ActiveCfg = Release|x86
		{A1545B1C-4612-43E3-909D-EB2293E6F77B}.Release|Mixed Platforms.ActiveCfg = Release|x86
		{A1545B1C-4612-43E3-909D-EB2293E6F77B}.Release|Mixed Platforms.Build.0 = Release|x86
		{A1545B1C-4612-43E3-909D-EB2293E6F77B}.Release|x86.ActiveCfg = Release|x86
		{A1545B1C-4612-43E3-909D-EB2293E6F77B}.Release|x86.Build.0 = Release|x86
		{91BDD227-F046-440C-889A-644948FB5A21}.Debug|Any CPU.ActiveCfg = Debug|Any CPU
		{91BDD227-F046-440C-889A-644948FB5A21}.Debug|Any CPU.Build.0 = Debug|Any CPU
		{91BDD227-F046-440C-889A-644948FB5A21}.Debug|Mixed Platforms.ActiveCfg = Debug|Any CPU
		{91BDD227-F046-440C-889A-644948FB5A21}.Debug|Mixed Platforms.Build.0 = Debug|Any CPU
		{91BDD227-F046-440C-889A-644948FB5A21}.Debug|x86.ActiveCfg = Debug|Any CPU
		{91BDD227-F046-440C-889A-644948FB5A21}.Release|Any CPU.ActiveCfg = Release|Any CPU
		{91BDD227-F046-440C-889A-644948FB5A21}.Release|Any CPU.Build.0 = Release|Any CPU
		{91BDD227-F046-440C-889A-644948FB5A21}.Release|Mixed Platforms.ActiveCfg = Release|Any CPU
		{91BDD227-F046-440C-889A-644948FB5A21}.Release|Mixed Platforms.Build.0 = Release|Any CPU
		{91BDD227-F046-440C-889A-644948FB5A21}.Release|x86.ActiveCfg = Release|Any CPU
		{01088FFF-7FAB-4207-9CFF-16BF6BDB8370}.Debug|Any CPU.ActiveCfg = Debug|Any CPU
		{01088FFF-7FAB-4207-9CFF-16BF6BDB8370}.Debug|Any CPU.Build.0 = Debug|Any CPU
		{01088FFF-7FAB-4207-9CFF-16BF6BDB8370}.Debug|Mixed Platforms.ActiveCfg = Debug|Any CPU
		{01088FFF-7FAB-4207-9CFF-16BF6BDB8370}.Debug|Mixed Platforms.Build.0 = Debug|Any CPU
		{01088FFF-7FAB-4207-9CFF-16BF6BDB8370}.Debug|x86.ActiveCfg = Debug|Any CPU
		{01088FFF-7FAB-4207-9CFF-16BF6BDB8370}.Release|Any CPU.ActiveCfg = Release|Any CPU
		{01088FFF-7FAB-4207-9CFF-16BF6BDB8370}.Release|Any CPU.Build.0 = Release|Any CPU
		{01088FFF-7FAB-4207-9CFF-16BF6BDB8370}.Release|Mixed Platforms.ActiveCfg = Release|Any CPU
		{01088FFF-7FAB-4207-9CFF-16BF6BDB8370}.Release|Mixed Platforms.Build.0 = Release|Any CPU
		{01088FFF-7FAB-4207-9CFF-16BF6BDB8370}.Release|x86.ActiveCfg = Release|Any CPU
		{488CD806-EB3A-40A2-BC7C-D1A8960079B0}.Debug|Any CPU.ActiveCfg = Debug|Any CPU
		{488CD806-EB3A-40A2-BC7C-D1A8960079B0}.Debug|Any CPU.Build.0 = Debug|Any CPU
		{488CD806-EB3A-40A2-BC7C-D1A8960079B0}.Debug|Mixed Platforms.ActiveCfg = Debug|Any CPU
		{488CD806-EB3A-40A2-BC7C-D1A8960079B0}.Debug|Mixed Platforms.Build.0 = Debug|Any CPU
		{488CD806-EB3A-40A2-BC7C-D1A8960079B0}.Debug|x86.ActiveCfg = Debug|Any CPU
		{488CD806-EB3A-40A2-BC7C-D1A8960079B0}.Release|Any CPU.ActiveCfg = Release|Any CPU
		{488CD806-EB3A-40A2-BC7C-D1A8960079B0}.Release|Any CPU.Build.0 = Release|Any CPU
		{488CD806-EB3A-40A2-BC7C-D1A8960079B0}.Release|Mixed Platforms.ActiveCfg = Release|Any CPU
		{488CD806-EB3A-40A2-BC7C-D1A8960079B0}.Release|Mixed Platforms.Build.0 = Release|Any CPU
		{488CD806-EB3A-40A2-BC7C-D1A8960079B0}.Release|x86.ActiveCfg = Release|Any CPU
		{67CBC824-A49E-4E9B-A947-360F3DFE65C3}.Debug|Any CPU.ActiveCfg = Debug|Any CPU
		{67CBC824-A49E-4E9B-A947-360F3DFE65C3}.Debug|Any CPU.Build.0 = Debug|Any CPU
		{67CBC824-A49E-4E9B-A947-360F3DFE65C3}.Debug|Any CPU.Deploy.0 = Debug|Any CPU
		{67CBC824-A49E-4E9B-A947-360F3DFE65C3}.Debug|Mixed Platforms.ActiveCfg = Debug|Any CPU
		{67CBC824-A49E-4E9B-A947-360F3DFE65C3}.Debug|Mixed Platforms.Build.0 = Debug|Any CPU
		{67CBC824-A49E-4E9B-A947-360F3DFE65C3}.Debug|Mixed Platforms.Deploy.0 = Debug|Any CPU
		{67CBC824-A49E-4E9B-A947-360F3DFE65C3}.Debug|x86.ActiveCfg = Debug|Any CPU
		{67CBC824-A49E-4E9B-A947-360F3DFE65C3}.Release|Any CPU.ActiveCfg = Release|Any CPU
		{67CBC824-A49E-4E9B-A947-360F3DFE65C3}.Release|Any CPU.Build.0 = Release|Any CPU
		{67CBC824-A49E-4E9B-A947-360F3DFE65C3}.Release|Any CPU.Deploy.0 = Release|Any CPU
		{67CBC824-A49E-4E9B-A947-360F3DFE65C3}.Release|Mixed Platforms.ActiveCfg = Release|Any CPU
		{67CBC824-A49E-4E9B-A947-360F3DFE65C3}.Release|Mixed Platforms.Build.0 = Release|Any CPU
		{67CBC824-A49E-4E9B-A947-360F3DFE65C3}.Release|Mixed Platforms.Deploy.0 = Release|Any CPU
		{67CBC824-A49E-4E9B-A947-360F3DFE65C3}.Release|x86.ActiveCfg = Release|Any CPU
		{4397992D-FA3C-416E-8B87-C43982B4E9B0}.Debug|Any CPU.ActiveCfg = Debug|Any CPU
		{4397992D-FA3C-416E-8B87-C43982B4E9B0}.Debug|Any CPU.Build.0 = Debug|Any CPU
		{4397992D-FA3C-416E-8B87-C43982B4E9B0}.Debug|Mixed Platforms.ActiveCfg = Debug|Any CPU
		{4397992D-FA3C-416E-8B87-C43982B4E9B0}.Debug|Mixed Platforms.Build.0 = Debug|Any CPU
		{4397992D-FA3C-416E-8B87-C43982B4E9B0}.Debug|x86.ActiveCfg = Debug|Any CPU
		{4397992D-FA3C-416E-8B87-C43982B4E9B0}.Release|Any CPU.ActiveCfg = Release|Any CPU
		{4397992D-FA3C-416E-8B87-C43982B4E9B0}.Release|Any CPU.Build.0 = Release|Any CPU
		{4397992D-FA3C-416E-8B87-C43982B4E9B0}.Release|Mixed Platforms.ActiveCfg = Release|Any CPU
		{4397992D-FA3C-416E-8B87-C43982B4E9B0}.Release|Mixed Platforms.Build.0 = Release|Any CPU
		{4397992D-FA3C-416E-8B87-C43982B4E9B0}.Release|x86.ActiveCfg = Release|Any CPU
		{BD494CE6-A12E-48C6-8085-12BFDEF691AF}.Debug|Any CPU.ActiveCfg = Debug|Any CPU
		{BD494CE6-A12E-48C6-8085-12BFDEF691AF}.Debug|Any CPU.Build.0 = Debug|Any CPU
		{BD494CE6-A12E-48C6-8085-12BFDEF691AF}.Debug|Mixed Platforms.ActiveCfg = Debug|Any CPU
		{BD494CE6-A12E-48C6-8085-12BFDEF691AF}.Debug|Mixed Platforms.Build.0 = Debug|Any CPU
		{BD494CE6-A12E-48C6-8085-12BFDEF691AF}.Debug|x86.ActiveCfg = Debug|Any CPU
		{BD494CE6-A12E-48C6-8085-12BFDEF691AF}.Release|Any CPU.ActiveCfg = Release|Any CPU
		{BD494CE6-A12E-48C6-8085-12BFDEF691AF}.Release|Any CPU.Build.0 = Release|Any CPU
		{BD494CE6-A12E-48C6-8085-12BFDEF691AF}.Release|Mixed Platforms.ActiveCfg = Release|Any CPU
		{BD494CE6-A12E-48C6-8085-12BFDEF691AF}.Release|Mixed Platforms.Build.0 = Release|Any CPU
		{BD494CE6-A12E-48C6-8085-12BFDEF691AF}.Release|x86.ActiveCfg = Release|Any CPU
		{856A86A9-801E-496A-8C95-519E85B87A89}.Debug|Any CPU.ActiveCfg = Debug|Any CPU
		{856A86A9-801E-496A-8C95-519E85B87A89}.Debug|Any CPU.Build.0 = Debug|Any CPU
		{856A86A9-801E-496A-8C95-519E85B87A89}.Debug|Mixed Platforms.ActiveCfg = Debug|Any CPU
		{856A86A9-801E-496A-8C95-519E85B87A89}.Debug|Mixed Platforms.Build.0 = Debug|Any CPU
		{856A86A9-801E-496A-8C95-519E85B87A89}.Debug|x86.ActiveCfg = Debug|Any CPU
		{856A86A9-801E-496A-8C95-519E85B87A89}.Release|Any CPU.ActiveCfg = Release|Any CPU
		{856A86A9-801E-496A-8C95-519E85B87A89}.Release|Any CPU.Build.0 = Release|Any CPU
		{856A86A9-801E-496A-8C95-519E85B87A89}.Release|Mixed Platforms.ActiveCfg = Release|Any CPU
		{856A86A9-801E-496A-8C95-519E85B87A89}.Release|Mixed Platforms.Build.0 = Release|Any CPU
		{856A86A9-801E-496A-8C95-519E85B87A89}.Release|x86.ActiveCfg = Release|Any CPU
		{73C48B1F-19B8-4F68-A57E-4569E02D2CDC}.Debug|Any CPU.ActiveCfg = Debug|Any CPU
		{73C48B1F-19B8-4F68-A57E-4569E02D2CDC}.Debug|Any CPU.Build.0 = Debug|Any CPU
		{73C48B1F-19B8-4F68-A57E-4569E02D2CDC}.Debug|Mixed Platforms.ActiveCfg = Debug|Any CPU
		{73C48B1F-19B8-4F68-A57E-4569E02D2CDC}.Debug|Mixed Platforms.Build.0 = Debug|Any CPU
		{73C48B1F-19B8-4F68-A57E-4569E02D2CDC}.Debug|x86.ActiveCfg = Debug|Any CPU
		{73C48B1F-19B8-4F68-A57E-4569E02D2CDC}.Release|Any CPU.ActiveCfg = Release|Any CPU
		{73C48B1F-19B8-4F68-A57E-4569E02D2CDC}.Release|Any CPU.Build.0 = Release|Any CPU
		{73C48B1F-19B8-4F68-A57E-4569E02D2CDC}.Release|Mixed Platforms.ActiveCfg = Release|Any CPU
		{73C48B1F-19B8-4F68-A57E-4569E02D2CDC}.Release|Mixed Platforms.Build.0 = Release|Any CPU
		{73C48B1F-19B8-4F68-A57E-4569E02D2CDC}.Release|x86.ActiveCfg = Release|Any CPU
		{1F8EEE75-1D8E-4280-BC60-1BE3FA0D21E9}.Debug|Any CPU.ActiveCfg = Debug|Any CPU
		{1F8EEE75-1D8E-4280-BC60-1BE3FA0D21E9}.Debug|Any CPU.Build.0 = Debug|Any CPU
		{1F8EEE75-1D8E-4280-BC60-1BE3FA0D21E9}.Debug|Mixed Platforms.ActiveCfg = Debug|Any CPU
		{1F8EEE75-1D8E-4280-BC60-1BE3FA0D21E9}.Debug|Mixed Platforms.Build.0 = Debug|Any CPU
		{1F8EEE75-1D8E-4280-BC60-1BE3FA0D21E9}.Debug|x86.ActiveCfg = Debug|Any CPU
		{1F8EEE75-1D8E-4280-BC60-1BE3FA0D21E9}.Release|Any CPU.ActiveCfg = Release|Any CPU
		{1F8EEE75-1D8E-4280-BC60-1BE3FA0D21E9}.Release|Any CPU.Build.0 = Release|Any CPU
		{1F8EEE75-1D8E-4280-BC60-1BE3FA0D21E9}.Release|Mixed Platforms.ActiveCfg = Release|Any CPU
		{1F8EEE75-1D8E-4280-BC60-1BE3FA0D21E9}.Release|Mixed Platforms.Build.0 = Release|Any CPU
		{1F8EEE75-1D8E-4280-BC60-1BE3FA0D21E9}.Release|x86.ActiveCfg = Release|Any CPU
	EndGlobalSection
	GlobalSection(SolutionProperties) = preSolution
		HideSolutionNode = FALSE
	EndGlobalSection
EndGlobal
